
Microsoft Visual Studio Solution File, Format Version 12.00
# Visual Studio 15
VisualStudioVersion = 15.0.26124.0
MinimumVisualStudioVersion = 15.0.26124.0
Project("{2150E333-8FDC-42A3-9474-1A3956D46DE8}") = "src", "src", "{F4C9CD2F-9477-40F3-BF73-AD6BF37051EF}"
EndProject
Project("{FAE04EC0-301F-11D3-BF4B-00C04F79EFBC}") = "CardanoWallet", "src\CardanoWallet\CardanoWallet.csproj", "{66D169EE-D8CE-42E3-8999-0A69628B9DCF}"
EndProject
Global
	GlobalSection(SolutionConfigurationPlatforms) = preSolution
		Debug|Any CPU = Debug|Any CPU
		Debug|x64 = Debug|x64
		Debug|x86 = Debug|x86
		Release|Any CPU = Release|Any CPU
		Release|x64 = Release|x64
		Release|x86 = Release|x86
	EndGlobalSection
	GlobalSection(SolutionProperties) = preSolution
		HideSolutionNode = FALSE
	EndGlobalSection
	GlobalSection(ProjectConfigurationPlatforms) = postSolution
		{66D169EE-D8CE-42E3-8999-0A69628B9DCF}.Debug|Any CPU.ActiveCfg = Debug|Any CPU
		{66D169EE-D8CE-42E3-8999-0A69628B9DCF}.Debug|Any CPU.Build.0 = Debug|Any CPU
		{66D169EE-D8CE-42E3-8999-0A69628B9DCF}.Debug|x64.ActiveCfg = Debug|Any CPU
		{66D169EE-D8CE-42E3-8999-0A69628B9DCF}.Debug|x64.Build.0 = Debug|Any CPU
		{66D169EE-D8CE-42E3-8999-0A69628B9DCF}.Debug|x86.ActiveCfg = Debug|Any CPU
		{66D169EE-D8CE-42E3-8999-0A69628B9DCF}.Debug|x86.Build.0 = Debug|Any CPU
		{66D169EE-D8CE-42E3-8999-0A69628B9DCF}.Release|Any CPU.ActiveCfg = Release|Any CPU
		{66D169EE-D8CE-42E3-8999-0A69628B9DCF}.Release|Any CPU.Build.0 = Release|Any CPU
		{66D169EE-D8CE-42E3-8999-0A69628B9DCF}.Release|x64.ActiveCfg = Release|Any CPU
		{66D169EE-D8CE-42E3-8999-0A69628B9DCF}.Release|x64.Build.0 = Release|Any CPU
		{66D169EE-D8CE-42E3-8999-0A69628B9DCF}.Release|x86.ActiveCfg = Release|Any CPU
		{66D169EE-D8CE-42E3-8999-0A69628B9DCF}.Release|x86.Build.0 = Release|Any CPU
	EndGlobalSection
	GlobalSection(NestedProjects) = preSolution
		{66D169EE-D8CE-42E3-8999-0A69628B9DCF} = {F4C9CD2F-9477-40F3-BF73-AD6BF37051EF}
	EndGlobalSection
EndGlobal
